PODS:
  - CKPhotoGallery (0.1.0):
    - DZNEmptyDataSet
    - Kingfisher
  - DZNEmptyDataSet (1.8.1)
  - Kingfisher (3.1.3)

DEPENDENCIES:
  - CKPhotoGallery (from `../`)

EXTERNAL SOURCES:
  CKPhotoGallery:
    :path: "../"

SPEC CHECKSUMS:
  CKPhotoGallery: 37016745bc0f5c3c033d30f7f5adee0ece9f5386
  DZNEmptyDataSet: 9525833b9e68ac21c30253e1d3d7076cc828eaa7
  Kingfisher: 007f5851c18c81e7cc106c9cbac1bafea1cce5dc

PODFILE CHECKSUM: 2d99c10c6b5e84607808a765b4e2b007667dd288

COCOAPODS: 1.1.0.rc.2
